
Microsoft Visual Studio Solution File, Format Version 12.00
# Visual Studio Version 17
VisualStudioVersion = 17.8.34511.84
MinimumVisualStudioVersion = 10.0.40219.1
Project("{FAE04EC0-301F-11D3-BF4B-00C04F79EFBC}") = "ChatProject", "ChatProject\ChatProject.csproj", "{27B75A62-F1C6-4DF0-8B31-067753B0DC95}"
EndProject
Global
	GlobalSection(SolutionConfigurationPlatforms) = preSolution
		Debug|Any CPU = Debug|Any CPU
		Release|Any CPU = Release|Any CPU
	EndGlobalSection
	GlobalSection(ProjectConfigurationPlatforms) = postSolution
		{27B75A62-F1C6-4DF0-8B31-067753B0DC95}.Debug|Any CPU.ActiveCfg = Debug|Any CPU
		{27B75A62-F1C6-4DF0-8B31-067753B0DC95}.Debug|Any CPU.Build.0 = Debug|Any CPU
		{27B75A62-F1C6-4DF0-8B31-067753B0DC95}.Release|Any CPU.ActiveCfg = Release|Any CPU
		{27B75A62-F1C6-4DF0-8B31-067753B0DC95}.Release|Any CPU.Build.0 = Release|Any CPU
	EndGlobalSection
	GlobalSection(SolutionProperties) = preSolution
		HideSolutionNode = FALSE
	EndGlobalSection
	GlobalSection(ExtensibilityGlobals) = postSolution
		SolutionGuid = {3D6DD8F5-AF3E-43DE-9593-3CDBF9FE1AAC}
	EndGlobalSection
EndGlobal
